
Microsoft Visual Studio Solution File, Format Version 12.00
# Visual Studio Version 17
VisualStudioVersion = 17.0.32002.185
MinimumVisualStudioVersion = 10.0.40219.1
Project("{FAE04EC0-301F-11D3-BF4B-00C04F79EFBC}") = "C-sharp Tutorial - Full Course for Beginners - Working With Strings", "C-sharp Tutorial - Full Course for Beginners - Working With Strings\C-sharp Tutorial - Full Course for Beginners - Working With Strings.csproj", "{95B7FC93-65B2-464D-B0F4-4703F7C0400D}"
EndProject
Global
	GlobalSection(SolutionConfigurationPlatforms) = preSolution
		Debug|Any CPU = Debug|Any CPU
		Release|Any CPU = Release|Any CPU
	EndGlobalSection
	GlobalSection(ProjectConfigurationPlatforms) = postSolution
		{95B7FC93-65B2-464D-B0F4-4703F7C0400D}.Debug|Any CPU.ActiveCfg = Debug|Any CPU
		{95B7FC93-65B2-464D-B0F4-4703F7C0400D}.Debug|Any CPU.Build.0 = Debug|Any CPU
		{95B7FC93-65B2-464D-B0F4-4703F7C0400D}.Release|Any CPU.ActiveCfg = Release|Any CPU
		{95B7FC93-65B2-464D-B0F4-4703F7C0400D}.Release|Any CPU.Build.0 = Release|Any CPU
	EndGlobalSection
	GlobalSection(SolutionProperties) = preSolution
		HideSolutionNode = FALSE
	EndGlobalSection
	GlobalSection(ExtensibilityGlobals) = postSolution
		SolutionGuid = {6D60A1A6-6711-48E4-B2AC-2F90D9381662}
	EndGlobalSection
EndGlobal
